
Microsoft Visual Studio Solution File, Format Version 12.00
# Visual Studio Version 17
VisualStudioVersion = 17.3.32929.385
MinimumVisualStudioVersion = 10.0.40219.1
Project("{FAE04EC0-301F-11D3-BF4B-00C04F79EFBC}") = "Client", "Client.csproj", "{B94C3A65-06E6-4ED6-AF39-B8E9E29A3A56}"
EndProject
Global
	GlobalSection(SolutionConfigurationPlatforms) = preSolution
		Debug|Any CPU = Debug|Any CPU
		Release|Any CPU = Release|Any CPU
	EndGlobalSection
	GlobalSection(ProjectConfigurationPlatforms) = postSolution
		{B94C3A65-06E6-4ED6-AF39-B8E9E29A3A56}.Debug|Any CPU.ActiveCfg = Debug|Any CPU
		{B94C3A65-06E6-4ED6-AF39-B8E9E29A3A56}.Debug|Any CPU.Build.0 = Debug|Any CPU
		{B94C3A65-06E6-4ED6-AF39-B8E9E29A3A56}.Release|Any CPU.ActiveCfg = Release|Any CPU
		{B94C3A65-06E6-4ED6-AF39-B8E9E29A3A56}.Release|Any CPU.Build.0 = Release|Any CPU
	EndGlobalSection
	GlobalSection(SolutionProperties) = preSolution
		HideSolutionNode = FALSE
	EndGlobalSection
	GlobalSection(ExtensibilityGlobals) = postSolution
		SolutionGuid = {6392AAC3-BC01-4DA0-BF4C-2E2563659997}
	EndGlobalSection
EndGlobal
